// !$*UTF8*$!
{
	archiveVersion = 1;
	classes = {
	};
	objectVersion = 46;
	objects = {

/* Begin PBXBuildFile section */
		73110CF91E1DF648009FC08F /* main.m in Sources */ = {isa = PBXBuildFile; fileRef = 73110CF81E1DF648009FC08F /* main.m */; };
		73110CFC1E1DF648009FC08F /* AppDelegate.m in Sources */ = {isa = PBXBuildFile; fileRef = 73110CFB1E1DF648009FC08F /* AppDelegate.m */; };
		73110CFF1E1DF648009FC08F /* ViewController.m in Sources */ = {isa = PBXBuildFile; fileRef = 73110CFE1E1DF648009FC08F /* ViewController.m */; };
		73110D041E1DF648009FC08F /* Assets.xcassets in Resources */ = {isa = PBXBuildFile; fileRef = 73110D031E1DF648009FC08F /* Assets.xcassets */; };
		7317D80C1E1E381900173F8C /* TDTabBarController.m in Sources */ = {isa = PBXBuildFile; fileRef = 7317D80B1E1E381900173F8C /* TDTabBarController.m */; };
		7317D8291E1E96D500173F8C /* TDEssenceViewController.m in Sources */ = {isa = PBXBuildFile; fileRef = 7317D8201E1E96D500173F8C /* TDEssenceViewController.m */; };
		7317D82A1E1E96D500173F8C /* TDFriendTrendsViewController.m in Sources */ = {isa = PBXBuildFile; fileRef = 7317D8221E1E96D500173F8C /* TDFriendTrendsViewController.m */; };
		7317D82B1E1E96D500173F8C /* TDMeViewController.m in Sources */ = {isa = PBXBuildFile; fileRef = 7317D8241E1E96D500173F8C /* TDMeViewController.m */; };
		7317D82C1E1E96D500173F8C /* TDNewViewController.m in Sources */ = {isa = PBXBuildFile; fileRef = 7317D8261E1E96D500173F8C /* TDNewViewController.m */; };
		7317D82D1E1E96D500173F8C /* TDTabBar.m in Sources */ = {isa = PBXBuildFile; fileRef = 7317D8281E1E96D500173F8C /* TDTabBar.m */; };
		7317D8361E1F390100173F8C /* UIView+TDFrameExtension.m in Sources */ = {isa = PBXBuildFile; fileRef = 7317D8351E1F390100173F8C /* UIView+TDFrameExtension.m */; };
/* End PBXBuildFile section */

/* Begin PBXFileReference section */
		73110CF41E1DF648009FC08F /* 百思不得姐.app */ = {isa = PBXFileReference; explicitFileType = wrapper.application; includeInIndex = 0; path = "百思不得姐.app"; sourceTree = BUILT_PRODUCTS_DIR; };
		73110CF81E1DF648009FC08F /* main.m */ = {isa = PBXFileReference; lastKnownFileType = sourcecode.c.objc; path = main.m; sourceTree = "<group>"; };
		73110CFA1E1DF648009FC08F /* AppDelegate.h */ = {isa = PBXFileReference; lastKnownFileType = sourcecode.c.h; path = AppDelegate.h; sourceTree = "<group>"; };
		73110CFB1E1DF648009FC08F /* AppDelegate.m */ = {isa = PBXFileReference; lastKnownFileType = sourcecode.c.objc; path = AppDelegate.m; sourceTree = "<group>"; };
		73110CFD1E1DF648009FC08F /* ViewController.h */ = {isa = PBXFileReference; lastKnownFileType = sourcecode.c.h; path = ViewController.h; sourceTree = "<group>"; };
		73110CFE1E1DF648009FC08F /* ViewController.m */ = {isa = PBXFileReference; lastKnownFileType = sourcecode.c.objc; path = ViewController.m; sourceTree = "<group>"; };
		73110D031E1DF648009FC08F /* Assets.xcassets */ = {isa = PBXFileReference; lastKnownFileType = folder.assetcatalog; path = Assets.xcassets; sourceTree = "<group>"; };
		73110D081E1DF648009FC08F /* Info.plist */ = {isa = PBXFileReference; lastKnownFileType = text.plist.xml; path = Info.plist; sourceTree = "<group>"; };
		7317D80A1E1E381900173F8C /* TDTabBarController.h */ = {isa = PBXFileReference; fileEncoding = 4; lastKnownFileType = sourcecode.c.h; path = TDTabBarController.h; sourceTree = "<group>"; };
		7317D80B1E1E381900173F8C /* TDTabBarController.m */ = {isa = PBXFileReference; fileEncoding = 4; lastKnownFileType = sourcecode.c.objc; path = TDTabBarController.m; sourceTree = "<group>"; };
		7317D81F1E1E96D500173F8C /* TDEssenceViewController.h */ = {isa = PBXFileReference; fileEncoding = 4; lastKnownFileType = sourcecode.c.h; path = TDEssenceViewController.h; sourceTree = "<group>"; };
		7317D8201E1E96D500173F8C /* TDEssenceViewController.m */ = {isa = PBXFileReference; fileEncoding = 4; lastKnownFileType = sourcecode.c.objc; path = TDEssenceViewController.m; sourceTree = "<group>"; };
		7317D8211E1E96D500173F8C /* TDFriendTrendsViewController.h */ = {isa = PBXFileReference; fileEncoding = 4; lastKnownFileType = sourcecode.c.h; path = TDFriendTrendsViewController.h; sourceTree = "<group>"; };
		7317D8221E1E96D500173F8C /* TDFriendTrendsViewController.m */ = {isa = PBXFileReference; fileEncoding = 4; lastKnownFileType = sourcecode.c.objc; path = TDFriendTrendsViewController.m; sourceTree = "<group>"; };
		7317D8231E1E96D500173F8C /* TDMeViewController.h */ = {isa = PBXFileReference; fileEncoding = 4; lastKnownFileType = sourcecode.c.h; path = TDMeViewController.h; sourceTree = "<group>"; };
		7317D8241E1E96D500173F8C /* TDMeViewController.m */ = {isa = PBXFileReference; fileEncoding = 4; lastKnownFileType = sourcecode.c.objc; path = TDMeViewController.m; sourceTree = "<group>"; };
		7317D8251E1E96D500173F8C /* TDNewViewController.h */ = {isa = PBXFileReference; fileEncoding = 4; lastKnownFileType = sourcecode.c.h; path = TDNewViewController.h; sourceTree = "<group>"; };
		7317D8261E1E96D500173F8C /* TDNewViewController.m */ = {isa = PBXFileReference; fileEncoding = 4; lastKnownFileType = sourcecode.c.objc; path = TDNewViewController.m; sourceTree = "<group>"; };
		7317D8271E1E96D500173F8C /* TDTabBar.h */ = {isa = PBXFileReference; fileEncoding = 4; lastKnownFileType = sourcecode.c.h; path = TDTabBar.h; sourceTree = "<group>"; };
		7317D8281E1E96D500173F8C /* TDTabBar.m */ = {isa = PBXFileReference; fileEncoding = 4; lastKnownFileType = sourcecode.c.objc; path = TDTabBar.m; sourceTree = "<group>"; };
		7317D8331E1F38EF00173F8C /* PrefixHeader.pch */ = {isa = PBXFileReference; lastKnownFileType = sourcecode.c.h; path = PrefixHeader.pch; sourceTree = "<group>"; };
		7317D8341E1F390100173F8C /* UIView+TDFrameExtension.h */ = {isa = PBXFileReference; fileEncoding = 4; lastKnownFileType = sourcecode.c.h; path = "UIView+TDFrameExtension.h"; sourceTree = "<group>"; };
		7317D8351E1F390100173F8C /* UIView+TDFrameExtension.m */ = {isa = PBXFileReference; fileEncoding = 4; lastKnownFileType = sourcecode.c.objc; path = "UIView+TDFrameExtension.m"; sourceTree = "<group>"; };
/* End PBXFileReference section */

/* Begin PBXFrameworksBuildPhase section */
		73110CF11E1DF648009FC08F /* Frameworks */ = {
			isa = PBXFrameworksBuildPhase;
			buildActionMask = 2147483647;
			files = (
			);
			runOnlyForDeploymentPostprocessing = 0;
		};
/* End PBXFrameworksBuildPhase section */

/* Begin PBXGroup section */
		73110CEB1E1DF648009FC08F = {
			isa = PBXGroup;
			children = (
				73110CF61E1DF648009FC08F /* 百思不得姐 */,
				73110CF51E1DF648009FC08F /* Products */,
			);
			sourceTree = "<group>";
		};
		73110CF51E1DF648009FC08F /* Products */ = {
			isa = PBXGroup;
			children = (
				73110CF41E1DF648009FC08F /* 百思不得姐.app */,
			);
			name = Products;
			sourceTree = "<group>";
		};
		73110CF61E1DF648009FC08F /* 百思不得姐 */ = {
			isa = PBXGroup;
			children = (
				73110CFA1E1DF648009FC08F /* AppDelegate.h */,
				73110CFB1E1DF648009FC08F /* AppDelegate.m */,
				73110CFD1E1DF648009FC08F /* ViewController.h */,
				73110CFE1E1DF648009FC08F /* ViewController.m */,
				7317D80A1E1E381900173F8C /* TDTabBarController.h */,
				7317D80B1E1E381900173F8C /* TDTabBarController.m */,
				7317D8271E1E96D500173F8C /* TDTabBar.h */,
				7317D8281E1E96D500173F8C /* TDTabBar.m */,
				7317D8331E1F38EF00173F8C /* PrefixHeader.pch */,
				7317D8341E1F390100173F8C /* UIView+TDFrameExtension.h */,
				7317D8351E1F390100173F8C /* UIView+TDFrameExtension.m */,
				7317D81F1E1E96D500173F8C /* TDEssenceViewController.h */,
				7317D8201E1E96D500173F8C /* TDEssenceViewController.m */,
				7317D8211E1E96D500173F8C /* TDFriendTrendsViewController.h */,
				7317D8221E1E96D500173F8C /* TDFriendTrendsViewController.m */,
				7317D8231E1E96D500173F8C /* TDMeViewController.h */,
				7317D8241E1E96D500173F8C /* TDMeViewController.m */,
				7317D8251E1E96D500173F8C /* TDNewViewController.h */,
				7317D8261E1E96D500173F8C /* TDNewViewController.m */,
				73110CF71E1DF648009FC08F /* Supporting Files */,
			);
			path = "百思不得姐";
			sourceTree = "<group>";
		};
		73110CF71E1DF648009FC08F /* Supporting Files */ = {
			isa = PBXGroup;
			children = (
				73110D031E1DF648009FC08F /* Assets.xcassets */,
				73110D081E1DF648009FC08F /* Info.plist */,
				73110CF81E1DF648009FC08F /* main.m */,
			);
			name = "Supporting Files";
			sourceTree = "<group>";
		};
/* End PBXGroup section */

/* Begin PBXNativeTarget section */
		73110CF31E1DF648009FC08F /* 百思不得姐 */ = {
			isa = PBXNativeTarget;
			buildConfigurationList = 73110D0B1E1DF648009FC08F /* Build configuration list for PBXNativeTarget "百思不得姐" */;
			buildPhases = (
				73110CF01E1DF648009FC08F /* Sources */,
				73110CF11E1DF648009FC08F /* Frameworks */,
				73110CF21E1DF648009FC08F /* Resources */,
			);
			buildRules = (
			);
			dependencies = (
			);
			name = "百思不得姐";
			productName = "百思不得姐";
			productReference = 73110CF41E1DF648009FC08F /* 百思不得姐.app */;
			productType = "com.apple.product-type.application";
		};
/* End PBXNativeTarget section */

/* Begin PBXProject section */
		73110CEC1E1DF648009FC08F /* Project object */ = {
			isa = PBXProject;
			attributes = {
				CLASSPREFIX = TD;
				LastUpgradeCheck = 0810;
				ORGANIZATIONNAME = "蓝田";
				TargetAttributes = {
					73110CF31E1DF648009FC08F = {
						CreatedOnToolsVersion = 8.1;
						DevelopmentTeam = WW7QRAPE95;
						ProvisioningStyle = Automatic;
					};
				};
			};
			buildConfigurationList = 73110CEF1E1DF648009FC08F /* Build configuration list for PBXProject "百思不得姐" */;
			compatibilityVersion = "Xcode 3.2";
			developmentRegion = English;
			hasScannedForEncodings = 0;
			knownRegions = (
				en,
				Base,
			);
			mainGroup = 73110CEB1E1DF648009FC08F;
			productRefGroup = 73110CF51E1DF648009FC08F /* Products */;
			projectDirPath = "";
			projectRoot = "";
			targets = (
				73110CF31E1DF648009FC08F /* 百思不得姐 */,
			);
		};
/* End PBXProject section */

/* Begin PBXResourcesBuildPhase section */
		73110CF21E1DF648009FC08F /* Resources */ = {
			isa = PBXResourcesBuildPhase;
			buildActionMask = 2147483647;
			files = (
				73110D041E1DF648009FC08F /* Assets.xcassets in Resources */,
			);
			runOnlyForDeploymentPostprocessing = 0;
		};
/* End PBXResourcesBuildPhase section */

/* Begin PBXSourcesBuildPhase section */
		73110CF01E1DF648009FC08F /* Sources */ = {
			isa = PBXSourcesBuildPhase;
			buildActionMask = 2147483647;
			files = (
				7317D82A1E1E96D500173F8C /* TDFriendTrendsViewController.m in Sources */,
				7317D82C1E1E96D500173F8C /* TDNewViewController.m in Sources */,
				73110CFF1E1DF648009FC08F /* ViewController.m in Sources */,
				7317D8291E1E96D500173F8C /* TDEssenceViewController.m in Sources */,
				7317D82D1E1E96D500173F8C /* TDTabBar.m in Sources */,
				73110CFC1E1DF648009FC08F /* AppDelegate.m in Sources */,
				7317D8361E1F390100173F8C /* UIView+TDFrameExtension.m in Sources */,
				73110CF91E1DF648009FC08F /* main.m in Sources */,
				7317D82B1E1E96D500173F8C /* TDMeViewController.m in Sources */,
				7317D80C1E1E381900173F8C /* TDTabBarController.m in Sources */,
			);
			runOnlyForDeploymentPostprocessing = 0;
		};
/* End PBXSourcesBuildPhase section */

/* Begin XCBuildConfiguration section */
		73110D091E1DF648009FC08F /* Debug */ = {
			isa = XCBuildConfiguration;
			buildSettings = {
				ALWAYS_SEARCH_USER_PATHS = NO;
				CLANG_ANALYZER_NONNULL = YES;
				CLANG_CXX_LANGUAGE_STANDARD = "gnu++0x";
				CLANG_CXX_LIBRARY = "libc++";
				CLANG_ENABLE_MODULES = YES;
				CLANG_ENABLE_OBJC_ARC = YES;
				CLANG_WARN_BOOL_CONVERSION = YES;
				CLANG_WARN_CONSTANT_CONVERSION = YES;
				CLANG_WARN_DIRECT_OBJC_ISA_USAGE = YES_ERROR;
				CLANG_WARN_DOCUMENTATION_COMMENTS = YES;
				CLANG_WARN_EMPTY_BODY = YES;
				CLANG_WARN_ENUM_CONVERSION = YES;
				CLANG_WARN_INFINITE_RECURSION = YES;
				CLANG_WARN_INT_CONVERSION = YES;
				CLANG_WARN_OBJC_ROOT_CLASS = YES_ERROR;
				CLANG_WARN_SUSPICIOUS_MOVES = YES;
				CLANG_WARN_UNREACHABLE_CODE = YES;
				CLANG_WARN__DUPLICATE_METHOD_MATCH = YES;
				"CODE_SIGN_IDENTITY[sdk=iphoneos*]" = "iPhone Developer";
				COPY_PHASE_STRIP = NO;
				DEBUG_INFORMATION_FORMAT = dwarf;
				ENABLE_STRICT_OBJC_MSGSEND = YES;
				ENABLE_TESTABILITY = YES;
				GCC_C_LANGUAGE_STANDARD = gnu99;
				GCC_DYNAMIC_NO_PIC = NO;
				GCC_NO_COMMON_BLOCKS = YES;
				GCC_OPTIMIZATION_LEVEL = 0;
				GCC_PREFIX_HEADER = "百思不得姐/PrefixHeader.pch";
				GCC_PREPROCESSOR_DEFINITIONS = (
					"DEBUG=1",
					"$(inherited)",
				);
				GCC_WARN_64_TO_32_BIT_CONVERSION = YES;
				GCC_WARN_ABOUT_RETURN_TYPE = YES_ERROR;
				GCC_WARN_UNDECLARED_SELECTOR = YES;
				GCC_WARN_UNINITIALIZED_AUTOS = YES_AGGRESSIVE;
				GCC_WARN_UNUSED_FUNCTION = YES;
				GCC_WARN_UNUSED_VARIABLE = YES;
				IPHONEOS_DEPLOYMENT_TARGET = 10.1;
				MTL_ENABLE_DEBUG_INFO = YES;
				ONLY_ACTIVE_ARCH = YES;
				SDKROOT = iphoneos;
				TARGETED_DEVICE_FAMILY = "1,2";
			};
			name = Debug;
		};
		73110D0A1E1DF648009FC08F /* Release */ = {
			isa = XCBuildConfiguration;
			buildSettings = {
				ALWAYS_SEARCH_USER_PATHS = NO;
				CLANG_ANALYZER_NONNULL = YES;
				CLANG_CXX_LANGUAGE_STANDARD = "gnu++0x";
				CLANG_CXX_LIBRARY = "libc++";
				CLANG_ENABLE_MODULES = YES;
				CLANG_ENABLE_OBJC_ARC = YES;
				CLANG_WARN_BOOL_CONVERSION = YES;
				CLANG_WARN_CONSTANT_CONVERSION = YES;
				CLANG_WARN_DIRECT_OBJC_ISA_USAGE = YES_ERROR;
				CLANG_WARN_DOCUMENTATION_COMMENTS = YES;
				CLANG_WARN_EMPTY_BODY = YES;
				CLANG_WARN_ENUM_CONVERSION = YES;
				CLANG_WARN_INFINITE_RECURSION = YES;
				CLANG_WARN_INT_CONVERSION = YES;
				CLANG_WARN_OBJC_ROOT_CLASS = YES_ERROR;
				CLANG_WARN_SUSPICIOUS_MOVES = YES;
				CLANG_WARN_UNREACHABLE_CODE = YES;
				CLANG_WARN__DUPLICATE_METHOD_MATCH = YES;
				"CODE_SIGN_IDENTITY[sdk=iphoneos*]" = "iPhone Developer";
				COPY_PHASE_STRIP = NO;
				DEBUG_INFORMATION_FORMAT = "dwarf-with-dsym";
				ENABLE_NS_ASSERTIONS = NO;
				ENABLE_STRICT_OBJC_MSGSEND = YES;
				GCC_C_LANGUAGE_STANDARD = gnu99;
				GCC_NO_COMMON_BLOCKS = YES;
				GCC_PREFIX_HEADER = "百思不得姐/PrefixHeader.pch";
				GCC_WARN_64_TO_32_BIT_CONVERSION = YES;
				GCC_WARN_ABOUT_RETURN_TYPE = YES_ERROR;
				GCC_WARN_UNDECLARED_SELECTOR = YES;
				GCC_WARN_UNINITIALIZED_AUTOS = YES_AGGRESSIVE;
				GCC_WARN_UNUSED_FUNCTION = YES;
				GCC_WARN_UNUSED_VARIABLE = YES;
				IPHONEOS_DEPLOYMENT_TARGET = 10.1;
				MTL_ENABLE_DEBUG_INFO = NO;
				SDKROOT = iphoneos;
				TARGETED_DEVICE_FAMILY = "1,2";
				VALIDATE_PRODUCT = YES;
			};
			name = Release;
		};
		73110D0C1E1DF648009FC08F /* Debug */ = {
			isa = XCBuildConfiguration;
			buildSettings = {
				ASSETCATALOG_COMPILER_APPICON_NAME = AppIcon;
				ASSETCATALOG_COMPILER_LAUNCHIMAGE_NAME = LaunchImage;
				DEVELOPMENT_TEAM = WW7QRAPE95;
				INFOPLIST_FILE = "百思不得姐/Info.plist";
				IPHONEOS_DEPLOYMENT_TARGET = 8.0;
				LD_RUNPATH_SEARCH_PATHS = "$(inherited) @executable_path/Frameworks";
				PRODUCT_BUNDLE_IDENTIFIER = "Loto.com.-----";
				PRODUCT_NAME = "$(TARGET_NAME)";
			};
			name = Debug;
		};
		73110D0D1E1DF648009FC08F /* Release */ = {
			isa = XCBuildConfiguration;
			buildSettings = {
				ASSETCATALOG_COMPILER_APPICON_NAME = AppIcon;
				ASSETCATALOG_COMPILER_LAUNCHIMAGE_NAME = LaunchImage;
				DEVELOPMENT_TEAM = WW7QRAPE95;
				INFOPLIST_FILE = "百思不得姐/Info.plist";
				IPHONEOS_DEPLOYMENT_TARGET = 8.0;
				LD_RUNPATH_SEARCH_PATHS = "$(inherited) @executable_path/Frameworks";
				PRODUCT_BUNDLE_IDENTIFIER = "Loto.com.-----";
				PRODUCT_NAME = "$(TARGET_NAME)";
			};
			name = Release;
		};
/* End XCBuildConfiguration section */

/* Begin XCConfigurationList section */
		73110CEF1E1DF648009FC08F /* Build configuration list for PBXProject "百思不得姐" */ = {
			isa = XCConfigurationList;
			buildConfigurations = (
				73110D091E1DF648009FC08F /* Debug */,
				73110D0A1E1DF648009FC08F /* Release */,
			);
			defaultConfigurationIsVisible = 0;
			defaultConfigurationName = Release;
		};
		73110D0B1E1DF648009FC08F /* Build configuration list for PBXNativeTarget "百思不得姐" */ = {
			isa = XCConfigurationList;
			buildConfigurations = (
				73110D0C1E1DF648009FC08F /* Debug */,
				73110D0D1E1DF648009FC08F /* Release */,
			);
			defaultConfigurationIsVisible = 0;
			defaultConfigurationName = Release;
		};
/* End XCConfigurationList section */
	};
	rootObject = 73110CEC1E1DF648009FC08F /* Project object */;
}
