// !$*UTF8*$!
{
	archiveVersion = 1;
	classes = {
	};
	objectVersion = 46;
	objects = {

/* Begin PBXBuildFile section */
		730B95CD1E5A9E6B0007218B /* TDTextField.m in Sources */ = {isa = PBXBuildFile; fileRef = 730B95CC1E5A9E6B0007218B /* TDTextField.m */; };
		73110D041E1DF648009FC08F /* Assets.xcassets in Resources */ = {isa = PBXBuildFile; fileRef = 73110D031E1DF648009FC08F /* Assets.xcassets */; };
		7317D8D31E1F771600173F8C /* TDEssenceViewController.m in Sources */ = {isa = PBXBuildFile; fileRef = 7317D8AE1E1F771600173F8C /* TDEssenceViewController.m */; };
		7317D8D41E1F771600173F8C /* TDFriendTrendsViewController.m in Sources */ = {isa = PBXBuildFile; fileRef = 7317D8B41E1F771600173F8C /* TDFriendTrendsViewController.m */; };
		7317D8D51E1F771600173F8C /* TDMeViewController.m in Sources */ = {isa = PBXBuildFile; fileRef = 7317D8BA1E1F771600173F8C /* TDMeViewController.m */; };
		7317D8D61E1F771600173F8C /* TDNewViewController.m in Sources */ = {isa = PBXBuildFile; fileRef = 7317D8C01E1F771600173F8C /* TDNewViewController.m */; };
		7317D8D71E1F771600173F8C /* AppDelegate.m in Sources */ = {isa = PBXBuildFile; fileRef = 7317D8C51E1F771600173F8C /* AppDelegate.m */; };
		7317D8D81E1F771600173F8C /* UIBarButtonItem+TDExtension.m in Sources */ = {isa = PBXBuildFile; fileRef = 7317D8C81E1F771600173F8C /* UIBarButtonItem+TDExtension.m */; };
		7317D8D91E1F771600173F8C /* UIView+TDFrameExtension.m in Sources */ = {isa = PBXBuildFile; fileRef = 7317D8CA1E1F771600173F8C /* UIView+TDFrameExtension.m */; };
		7317D8DA1E1F771600173F8C /* TDTabBarController.m in Sources */ = {isa = PBXBuildFile; fileRef = 7317D8CD1E1F771600173F8C /* TDTabBarController.m */; };
		7317D8DB1E1F771600173F8C /* main.m in Sources */ = {isa = PBXBuildFile; fileRef = 7317D8CE1E1F771600173F8C /* main.m */; };
		7317D8DC1E1F771600173F8C /* TDTabBar.m in Sources */ = {isa = PBXBuildFile; fileRef = 7317D8D21E1F771600173F8C /* TDTabBar.m */; };
		7317D8E21E1F8EC100173F8C /* TDNavigationController.m in Sources */ = {isa = PBXBuildFile; fileRef = 7317D8E11E1F8EC100173F8C /* TDNavigationController.m */; };
		7344CF451E598AE30018E9A2 /* TDLoginRegisterViewController.m in Sources */ = {isa = PBXBuildFile; fileRef = 7344CF431E598AE30018E9A2 /* TDLoginRegisterViewController.m */; };
		7344CF461E598AE30018E9A2 /* TDLoginRegisterViewController.xib in Resources */ = {isa = PBXBuildFile; fileRef = 7344CF441E598AE30018E9A2 /* TDLoginRegisterViewController.xib */; };
		7344CF4C1E59E3CD0018E9A2 /* TDPhoneLoginRegisterController.m in Sources */ = {isa = PBXBuildFile; fileRef = 7344CF4A1E59E3CD0018E9A2 /* TDPhoneLoginRegisterController.m */; };
		7344CF4D1E59E3CD0018E9A2 /* TDPhoneLoginRegisterController.xib in Resources */ = {isa = PBXBuildFile; fileRef = 7344CF4B1E59E3CD0018E9A2 /* TDPhoneLoginRegisterController.xib */; };
		737261B41E2761A600B2FA62 /* TDRecommendCategory.m in Sources */ = {isa = PBXBuildFile; fileRef = 737261B31E2761A600B2FA62 /* TDRecommendCategory.m */; };
		737261B81E2761FB00B2FA62 /* TDRecommendCategoryCell.m in Sources */ = {isa = PBXBuildFile; fileRef = 737261B61E2761FB00B2FA62 /* TDRecommendCategoryCell.m */; };
		737261B91E2761FB00B2FA62 /* TDRecommendCategoryCell.xib in Resources */ = {isa = PBXBuildFile; fileRef = 737261B71E2761FB00B2FA62 /* TDRecommendCategoryCell.xib */; };
		737261BD1E27625300B2FA62 /* TDRecommendViewController.m in Sources */ = {isa = PBXBuildFile; fileRef = 737261BB1E27625300B2FA62 /* TDRecommendViewController.m */; };
		737261BE1E27625300B2FA62 /* TDRecommendViewController.xib in Resources */ = {isa = PBXBuildFile; fileRef = 737261BC1E27625300B2FA62 /* TDRecommendViewController.xib */; };
		737261C91E2CBB7400B2FA62 /* TDRecommendUser.m in Sources */ = {isa = PBXBuildFile; fileRef = 737261C81E2CBB7400B2FA62 /* TDRecommendUser.m */; };
		737261CD1E2CBB9700B2FA62 /* TDRecommendUserCell.m in Sources */ = {isa = PBXBuildFile; fileRef = 737261CB1E2CBB9700B2FA62 /* TDRecommendUserCell.m */; };
		737261CE1E2CBB9700B2FA62 /* TDRecommendUserCell.xib in Resources */ = {isa = PBXBuildFile; fileRef = 737261CC1E2CBB9700B2FA62 /* TDRecommendUserCell.xib */; };
		73A3AE801E6801A10041A3DD /* TDVideoViewController.m in Sources */ = {isa = PBXBuildFile; fileRef = 73A3AE7F1E6801A10041A3DD /* TDVideoViewController.m */; };
		73A3AE831E6801D00041A3DD /* TDPictureViewController.m in Sources */ = {isa = PBXBuildFile; fileRef = 73A3AE821E6801D00041A3DD /* TDPictureViewController.m */; };
		73A3AE861E6801DE0041A3DD /* TDWordViewController.m in Sources */ = {isa = PBXBuildFile; fileRef = 73A3AE851E6801DE0041A3DD /* TDWordViewController.m */; };
		73A3AE8C1E68088B0041A3DD /* TDVoiceViewController.m in Sources */ = {isa = PBXBuildFile; fileRef = 73A3AE8B1E68088B0041A3DD /* TDVoiceViewController.m */; };
		73E3674C1E2385540011F436 /* TDFriendTrendsViewController.xib in Resources */ = {isa = PBXBuildFile; fileRef = 73E3674B1E2385540011F436 /* TDFriendTrendsViewController.xib */; };
		73E446491E680C4B00DBE46A /* TDRecViewController.m in Sources */ = {isa = PBXBuildFile; fileRef = 73E446481E680C4B00DBE46A /* TDRecViewController.m */; };
		AE3C6E03C60B0D76877D97F6 /* libPods-百思不得姐.a in Frameworks */ = {isa = PBXBuildFile; fileRef = 5BB1964F95FA313BE0760333 /* libPods-百思不得姐.a */; };
/* End PBXBuildFile section */

/* Begin PBXFileReference section */
		1E6DAEECFA0FFF10401236C9 /* Pods-百思不得姐.debug.xcconfig */ = {isa = PBXFileReference; includeInIndex = 1; lastKnownFileType = text.xcconfig; name = "Pods-百思不得姐.debug.xcconfig"; path = "Pods/Target Support Files/Pods-百思不得姐/Pods-百思不得姐.debug.xcconfig"; sourceTree = "<group>"; };
		5BB1964F95FA313BE0760333 /* libPods-百思不得姐.a */ = {isa = PBXFileReference; explicitFileType = archive.ar; includeInIndex = 0; path = "libPods-百思不得姐.a"; sourceTree = BUILT_PRODUCTS_DIR; };
		730B95CB1E5A9E6B0007218B /* TDTextField.h */ = {isa = PBXFileReference; fileEncoding = 4; lastKnownFileType = sourcecode.c.h; path = TDTextField.h; sourceTree = "<group>"; };
		730B95CC1E5A9E6B0007218B /* TDTextField.m */ = {isa = PBXFileReference; fileEncoding = 4; lastKnownFileType = sourcecode.c.objc; path = TDTextField.m; sourceTree = "<group>"; };
		73110CF41E1DF648009FC08F /* 百思不得姐.app */ = {isa = PBXFileReference; explicitFileType = wrapper.application; includeInIndex = 0; path = "百思不得姐.app"; sourceTree = BUILT_PRODUCTS_DIR; };
		73110D031E1DF648009FC08F /* Assets.xcassets */ = {isa = PBXFileReference; lastKnownFileType = folder.assetcatalog; path = Assets.xcassets; sourceTree = "<group>"; };
		73110D081E1DF648009FC08F /* Info.plist */ = {isa = PBXFileReference; lastKnownFileType = text.plist.xml; path = Info.plist; sourceTree = "<group>"; };
		7317D8AD1E1F771600173F8C /* TDEssenceViewController.h */ = {isa = PBXFileReference; fileEncoding = 4; lastKnownFileType = sourcecode.c.h; path = TDEssenceViewController.h; sourceTree = "<group>"; };
		7317D8AE1E1F771600173F8C /* TDEssenceViewController.m */ = {isa = PBXFileReference; fileEncoding = 4; lastKnownFileType = sourcecode.c.objc; path = TDEssenceViewController.m; sourceTree = "<group>"; };
		7317D8B31E1F771600173F8C /* TDFriendTrendsViewController.h */ = {isa = PBXFileReference; fileEncoding = 4; lastKnownFileType = sourcecode.c.h; path = TDFriendTrendsViewController.h; sourceTree = "<group>"; };
		7317D8B41E1F771600173F8C /* TDFriendTrendsViewController.m */ = {isa = PBXFileReference; fileEncoding = 4; lastKnownFileType = sourcecode.c.objc; path = TDFriendTrendsViewController.m; sourceTree = "<group>"; };
		7317D8B91E1F771600173F8C /* TDMeViewController.h */ = {isa = PBXFileReference; fileEncoding = 4; lastKnownFileType = sourcecode.c.h; path = TDMeViewController.h; sourceTree = "<group>"; };
		7317D8BA1E1F771600173F8C /* TDMeViewController.m */ = {isa = PBXFileReference; fileEncoding = 4; lastKnownFileType = sourcecode.c.objc; path = TDMeViewController.m; sourceTree = "<group>"; };
		7317D8BF1E1F771600173F8C /* TDNewViewController.h */ = {isa = PBXFileReference; fileEncoding = 4; lastKnownFileType = sourcecode.c.h; path = TDNewViewController.h; sourceTree = "<group>"; };
		7317D8C01E1F771600173F8C /* TDNewViewController.m */ = {isa = PBXFileReference; fileEncoding = 4; lastKnownFileType = sourcecode.c.objc; path = TDNewViewController.m; sourceTree = "<group>"; };
		7317D8C41E1F771600173F8C /* AppDelegate.h */ = {isa = PBXFileReference; fileEncoding = 4; lastKnownFileType = sourcecode.c.h; path = AppDelegate.h; sourceTree = "<group>"; };
		7317D8C51E1F771600173F8C /* AppDelegate.m */ = {isa = PBXFileReference; fileEncoding = 4; lastKnownFileType = sourcecode.c.objc; path = AppDelegate.m; sourceTree = "<group>"; };
		7317D8C71E1F771600173F8C /* UIBarButtonItem+TDExtension.h */ = {isa = PBXFileReference; fileEncoding = 4; lastKnownFileType = sourcecode.c.h; path = "UIBarButtonItem+TDExtension.h"; sourceTree = "<group>"; };
		7317D8C81E1F771600173F8C /* UIBarButtonItem+TDExtension.m */ = {isa = PBXFileReference; fileEncoding = 4; lastKnownFileType = sourcecode.c.objc; path = "UIBarButtonItem+TDExtension.m"; sourceTree = "<group>"; };
		7317D8C91E1F771600173F8C /* UIView+TDFrameExtension.h */ = {isa = PBXFileReference; fileEncoding = 4; lastKnownFileType = sourcecode.c.h; path = "UIView+TDFrameExtension.h"; sourceTree = "<group>"; };
		7317D8CA1E1F771600173F8C /* UIView+TDFrameExtension.m */ = {isa = PBXFileReference; fileEncoding = 4; lastKnownFileType = sourcecode.c.objc; path = "UIView+TDFrameExtension.m"; sourceTree = "<group>"; };
		7317D8CC1E1F771600173F8C /* TDTabBarController.h */ = {isa = PBXFileReference; fileEncoding = 4; lastKnownFileType = sourcecode.c.h; path = TDTabBarController.h; sourceTree = "<group>"; };
		7317D8CD1E1F771600173F8C /* TDTabBarController.m */ = {isa = PBXFileReference; fileEncoding = 4; lastKnownFileType = sourcecode.c.objc; path = TDTabBarController.m; sourceTree = "<group>"; };
		7317D8CE1E1F771600173F8C /* main.m */ = {isa = PBXFileReference; fileEncoding = 4; lastKnownFileType = sourcecode.c.objc; path = main.m; sourceTree = "<group>"; };
		7317D8CF1E1F771600173F8C /* PrefixHeader.pch */ = {isa = PBXFileReference; fileEncoding = 4; lastKnownFileType = sourcecode.c.h; path = PrefixHeader.pch; sourceTree = "<group>"; };
		7317D8D11E1F771600173F8C /* TDTabBar.h */ = {isa = PBXFileReference; fileEncoding = 4; lastKnownFileType = sourcecode.c.h; path = TDTabBar.h; sourceTree = "<group>"; };
		7317D8D21E1F771600173F8C /* TDTabBar.m */ = {isa = PBXFileReference; fileEncoding = 4; lastKnownFileType = sourcecode.c.objc; path = TDTabBar.m; sourceTree = "<group>"; };
		7317D8E01E1F8EC100173F8C /* TDNavigationController.h */ = {isa = PBXFileReference; fileEncoding = 4; lastKnownFileType = sourcecode.c.h; path = TDNavigationController.h; sourceTree = "<group>"; };
		7317D8E11E1F8EC100173F8C /* TDNavigationController.m */ = {isa = PBXFileReference; fileEncoding = 4; lastKnownFileType = sourcecode.c.objc; path = TDNavigationController.m; sourceTree = "<group>"; };
		7344CF421E598AE30018E9A2 /* TDLoginRegisterViewController.h */ = {isa = PBXFileReference; fileEncoding = 4; lastKnownFileType = sourcecode.c.h; path = TDLoginRegisterViewController.h; sourceTree = "<group>"; };
		7344CF431E598AE30018E9A2 /* TDLoginRegisterViewController.m */ = {isa = PBXFileReference; fileEncoding = 4; lastKnownFileType = sourcecode.c.objc; path = TDLoginRegisterViewController.m; sourceTree = "<group>"; };
		7344CF441E598AE30018E9A2 /* TDLoginRegisterViewController.xib */ = {isa = PBXFileReference; fileEncoding = 4; lastKnownFileType = file.xib; path = TDLoginRegisterViewController.xib; sourceTree = "<group>"; };
		7344CF491E59E3CD0018E9A2 /* TDPhoneLoginRegisterController.h */ = {isa = PBXFileReference; fileEncoding = 4; lastKnownFileType = sourcecode.c.h; path = TDPhoneLoginRegisterController.h; sourceTree = "<group>"; };
		7344CF4A1E59E3CD0018E9A2 /* TDPhoneLoginRegisterController.m */ = {isa = PBXFileReference; fileEncoding = 4; lastKnownFileType = sourcecode.c.objc; path = TDPhoneLoginRegisterController.m; sourceTree = "<group>"; };
		7344CF4B1E59E3CD0018E9A2 /* TDPhoneLoginRegisterController.xib */ = {isa = PBXFileReference; fileEncoding = 4; lastKnownFileType = file.xib; path = TDPhoneLoginRegisterController.xib; sourceTree = "<group>"; };
		737261B21E2761A600B2FA62 /* TDRecommendCategory.h */ = {isa = PBXFileReference; fileEncoding = 4; lastKnownFileType = sourcecode.c.h; name = TDRecommendCategory.h; path = Model/TDRecommendCategory.h; sourceTree = "<group>"; };
		737261B31E2761A600B2FA62 /* TDRecommendCategory.m */ = {isa = PBXFileReference; fileEncoding = 4; lastKnownFileType = sourcecode.c.objc; name = TDRecommendCategory.m; path = Model/TDRecommendCategory.m; sourceTree = "<group>"; };
		737261B51E2761FB00B2FA62 /* TDRecommendCategoryCell.h */ = {isa = PBXFileReference; fileEncoding = 4; lastKnownFileType = sourcecode.c.h; name = TDRecommendCategoryCell.h; path = View/TDRecommendCategoryCell.h; sourceTree = "<group>"; };
		737261B61E2761FB00B2FA62 /* TDRecommendCategoryCell.m */ = {isa = PBXFileReference; fileEncoding = 4; lastKnownFileType = sourcecode.c.objc; name = TDRecommendCategoryCell.m; path = View/TDRecommendCategoryCell.m; sourceTree = "<group>"; };
		737261B71E2761FB00B2FA62 /* TDRecommendCategoryCell.xib */ = {isa = PBXFileReference; fileEncoding = 4; lastKnownFileType = file.xib; name = TDRecommendCategoryCell.xib; path = View/TDRecommendCategoryCell.xib; sourceTree = "<group>"; };
		737261BA1E27625300B2FA62 /* TDRecommendViewController.h */ = {isa = PBXFileReference; fileEncoding = 4; lastKnownFileType = sourcecode.c.h; name = TDRecommendViewController.h; path = Controller/TDRecommendViewController.h; sourceTree = "<group>"; };
		737261BB1E27625300B2FA62 /* TDRecommendViewController.m */ = {isa = PBXFileReference; fileEncoding = 4; lastKnownFileType = sourcecode.c.objc; name = TDRecommendViewController.m; path = Controller/TDRecommendViewController.m; sourceTree = "<group>"; };
		737261BC1E27625300B2FA62 /* TDRecommendViewController.xib */ = {isa = PBXFileReference; fileEncoding = 4; lastKnownFileType = file.xib; name = TDRecommendViewController.xib; path = Controller/TDRecommendViewController.xib; sourceTree = "<group>"; };
		737261C71E2CBB7400B2FA62 /* TDRecommendUser.h */ = {isa = PBXFileReference; fileEncoding = 4; lastKnownFileType = sourcecode.c.h; name = TDRecommendUser.h; path = Model/TDRecommendUser.h; sourceTree = "<group>"; };
		737261C81E2CBB7400B2FA62 /* TDRecommendUser.m */ = {isa = PBXFileReference; fileEncoding = 4; lastKnownFileType = sourcecode.c.objc; name = TDRecommendUser.m; path = Model/TDRecommendUser.m; sourceTree = "<group>"; };
		737261CA1E2CBB9700B2FA62 /* TDRecommendUserCell.h */ = {isa = PBXFileReference; fileEncoding = 4; lastKnownFileType = sourcecode.c.h; name = TDRecommendUserCell.h; path = View/TDRecommendUserCell.h; sourceTree = "<group>"; };
		737261CB1E2CBB9700B2FA62 /* TDRecommendUserCell.m */ = {isa = PBXFileReference; fileEncoding = 4; lastKnownFileType = sourcecode.c.objc; name = TDRecommendUserCell.m; path = View/TDRecommendUserCell.m; sourceTree = "<group>"; };
		737261CC1E2CBB9700B2FA62 /* TDRecommendUserCell.xib */ = {isa = PBXFileReference; fileEncoding = 4; lastKnownFileType = file.xib; name = TDRecommendUserCell.xib; path = View/TDRecommendUserCell.xib; sourceTree = "<group>"; };
		73A3AE7E1E6801A10041A3DD /* TDVideoViewController.h */ = {isa = PBXFileReference; fileEncoding = 4; lastKnownFileType = sourcecode.c.h; path = TDVideoViewController.h; sourceTree = "<group>"; };
		73A3AE7F1E6801A10041A3DD /* TDVideoViewController.m */ = {isa = PBXFileReference; fileEncoding = 4; lastKnownFileType = sourcecode.c.objc; path = TDVideoViewController.m; sourceTree = "<group>"; };
		73A3AE811E6801D00041A3DD /* TDPictureViewController.h */ = {isa = PBXFileReference; fileEncoding = 4; lastKnownFileType = sourcecode.c.h; path = TDPictureViewController.h; sourceTree = "<group>"; };
		73A3AE821E6801D00041A3DD /* TDPictureViewController.m */ = {isa = PBXFileReference; fileEncoding = 4; lastKnownFileType = sourcecode.c.objc; path = TDPictureViewController.m; sourceTree = "<group>"; };
		73A3AE841E6801DE0041A3DD /* TDWordViewController.h */ = {isa = PBXFileReference; fileEncoding = 4; lastKnownFileType = sourcecode.c.h; path = TDWordViewController.h; sourceTree = "<group>"; };
		73A3AE851E6801DE0041A3DD /* TDWordViewController.m */ = {isa = PBXFileReference; fileEncoding = 4; lastKnownFileType = sourcecode.c.objc; path = TDWordViewController.m; sourceTree = "<group>"; };
		73A3AE8A1E68088B0041A3DD /* TDVoiceViewController.h */ = {isa = PBXFileReference; fileEncoding = 4; lastKnownFileType = sourcecode.c.h; path = TDVoiceViewController.h; sourceTree = "<group>"; };
		73A3AE8B1E68088B0041A3DD /* TDVoiceViewController.m */ = {isa = PBXFileReference; fileEncoding = 4; lastKnownFileType = sourcecode.c.objc; path = TDVoiceViewController.m; sourceTree = "<group>"; };
		73E3674B1E2385540011F436 /* TDFriendTrendsViewController.xib */ = {isa = PBXFileReference; fileEncoding = 4; lastKnownFileType = file.xib; path = TDFriendTrendsViewController.xib; sourceTree = "<group>"; };
		73E446471E680C4B00DBE46A /* TDRecViewController.h */ = {isa = PBXFileReference; fileEncoding = 4; lastKnownFileType = sourcecode.c.h; path = TDRecViewController.h; sourceTree = "<group>"; };
		73E446481E680C4B00DBE46A /* TDRecViewController.m */ = {isa = PBXFileReference; fileEncoding = 4; lastKnownFileType = sourcecode.c.objc; path = TDRecViewController.m; sourceTree = "<group>"; };
		B6920BD0456433B1D7EA2229 /* Pods-百思不得姐.release.xcconfig */ = {isa = PBXFileReference; includeInIndex = 1; lastKnownFileType = text.xcconfig; name = "Pods-百思不得姐.release.xcconfig"; path = "Pods/Target Support Files/Pods-百思不得姐/Pods-百思不得姐.release.xcconfig"; sourceTree = "<group>"; };
/* End PBXFileReference section */

/* Begin PBXFrameworksBuildPhase section */
		73110CF11E1DF648009FC08F /* Frameworks */ = {
			isa = PBXFrameworksBuildPhase;
			buildActionMask = 2147483647;
			files = (
				AE3C6E03C60B0D76877D97F6 /* libPods-百思不得姐.a in Frameworks */,
			);
			runOnlyForDeploymentPostprocessing = 0;
		};
/* End PBXFrameworksBuildPhase section */

/* Begin PBXGroup section */
		730B95CA1E5A9E470007218B /* View */ = {
			isa = PBXGroup;
			children = (
				730B95CB1E5A9E6B0007218B /* TDTextField.h */,
				730B95CC1E5A9E6B0007218B /* TDTextField.m */,
			);
			name = View;
			sourceTree = "<group>";
		};
		73110CEB1E1DF648009FC08F = {
			isa = PBXGroup;
			children = (
				73110CF61E1DF648009FC08F /* 百思不得姐 */,
				73110CF51E1DF648009FC08F /* Products */,
				DD29C87C11A0EBC01640D59E /* Pods */,
				E02513AF032C50807C0AE852 /* Frameworks */,
			);
			sourceTree = "<group>";
		};
		73110CF51E1DF648009FC08F /* Products */ = {
			isa = PBXGroup;
			children = (
				73110CF41E1DF648009FC08F /* 百思不得姐.app */,
			);
			name = Products;
			sourceTree = "<group>";
		};
		73110CF61E1DF648009FC08F /* 百思不得姐 */ = {
			isa = PBXGroup;
			children = (
				7317D8AA1E1F771600173F8C /* Classes */,
				73110CF71E1DF648009FC08F /* Supporting Files */,
			);
			path = "百思不得姐";
			sourceTree = "<group>";
		};
		73110CF71E1DF648009FC08F /* Supporting Files */ = {
			isa = PBXGroup;
			children = (
				73110D031E1DF648009FC08F /* Assets.xcassets */,
				73110D081E1DF648009FC08F /* Info.plist */,
			);
			name = "Supporting Files";
			sourceTree = "<group>";
		};
		7317D8AA1E1F771600173F8C /* Classes */ = {
			isa = PBXGroup;
			children = (
				7317D8AB1E1F771600173F8C /* Essence-精华 */,
				7317D8BD1E1F771600173F8C /* New-新帖 */,
				7317D8B11E1F771600173F8C /* FriendTrends-关注 */,
				7317D8B71E1F771600173F8C /* Me-我 */,
				7317D8C31E1F771600173F8C /* Other-其他 */,
				73AE961B1E66DED60094854F /* Category-工具类 */,
			);
			path = Classes;
			sourceTree = "<group>";
		};
		7317D8AB1E1F771600173F8C /* Essence-精华 */ = {
			isa = PBXGroup;
			children = (
				7317D8AF1E1F771600173F8C /* Model */,
				7317D8B01E1F771600173F8C /* View */,
				7317D8AC1E1F771600173F8C /* Controller */,
			);
			path = "Essence-精华";
			sourceTree = "<group>";
		};
		7317D8AC1E1F771600173F8C /* Controller */ = {
			isa = PBXGroup;
			children = (
				7317D8AD1E1F771600173F8C /* TDEssenceViewController.h */,
				7317D8AE1E1F771600173F8C /* TDEssenceViewController.m */,
				73E446471E680C4B00DBE46A /* TDRecViewController.h */,
				73E446481E680C4B00DBE46A /* TDRecViewController.m */,
				73A3AE7E1E6801A10041A3DD /* TDVideoViewController.h */,
				73A3AE7F1E6801A10041A3DD /* TDVideoViewController.m */,
				73A3AE811E6801D00041A3DD /* TDPictureViewController.h */,
				73A3AE821E6801D00041A3DD /* TDPictureViewController.m */,
				73A3AE841E6801DE0041A3DD /* TDWordViewController.h */,
				73A3AE851E6801DE0041A3DD /* TDWordViewController.m */,
				73A3AE8A1E68088B0041A3DD /* TDVoiceViewController.h */,
				73A3AE8B1E68088B0041A3DD /* TDVoiceViewController.m */,
			);
			path = Controller;
			sourceTree = "<group>";
		};
		7317D8AF1E1F771600173F8C /* Model */ = {
			isa = PBXGroup;
			children = (
			);
			path = Model;
			sourceTree = "<group>";
		};
		7317D8B01E1F771600173F8C /* View */ = {
			isa = PBXGroup;
			children = (
			);
			path = View;
			sourceTree = "<group>";
		};
		7317D8B11E1F771600173F8C /* FriendTrends-关注 */ = {
			isa = PBXGroup;
			children = (
				7344CF3A1E5989460018E9A2 /* Recommend-推荐关注 */,
				7344CF3E1E598A810018E9A2 /* LoginRegister-登录注册 */,
				7317D8B51E1F771600173F8C /* Model */,
				7317D8B61E1F771600173F8C /* View */,
				7317D8B21E1F771600173F8C /* Controller */,
			);
			path = "FriendTrends-关注";
			sourceTree = "<group>";
		};
		7317D8B21E1F771600173F8C /* Controller */ = {
			isa = PBXGroup;
			children = (
				7317D8B31E1F771600173F8C /* TDFriendTrendsViewController.h */,
				7317D8B41E1F771600173F8C /* TDFriendTrendsViewController.m */,
				73E3674B1E2385540011F436 /* TDFriendTrendsViewController.xib */,
			);
			path = Controller;
			sourceTree = "<group>";
		};
		7317D8B51E1F771600173F8C /* Model */ = {
			isa = PBXGroup;
			children = (
			);
			path = Model;
			sourceTree = "<group>";
		};
		7317D8B61E1F771600173F8C /* View */ = {
			isa = PBXGroup;
			children = (
			);
			path = View;
			sourceTree = "<group>";
		};
		7317D8B71E1F771600173F8C /* Me-我 */ = {
			isa = PBXGroup;
			children = (
				7317D8BB1E1F771600173F8C /* Model */,
				7317D8BC1E1F771600173F8C /* View */,
				7317D8B81E1F771600173F8C /* Controller */,
			);
			path = "Me-我";
			sourceTree = "<group>";
		};
		7317D8B81E1F771600173F8C /* Controller */ = {
			isa = PBXGroup;
			children = (
				7317D8B91E1F771600173F8C /* TDMeViewController.h */,
				7317D8BA1E1F771600173F8C /* TDMeViewController.m */,
			);
			path = Controller;
			sourceTree = "<group>";
		};
		7317D8BB1E1F771600173F8C /* Model */ = {
			isa = PBXGroup;
			children = (
			);
			path = Model;
			sourceTree = "<group>";
		};
		7317D8BC1E1F771600173F8C /* View */ = {
			isa = PBXGroup;
			children = (
			);
			path = View;
			sourceTree = "<group>";
		};
		7317D8BD1E1F771600173F8C /* New-新帖 */ = {
			isa = PBXGroup;
			children = (
				7317D8C11E1F771600173F8C /* Model */,
				7317D8C21E1F771600173F8C /* View */,
				7317D8BE1E1F771600173F8C /* Controller */,
			);
			path = "New-新帖";
			sourceTree = "<group>";
		};
		7317D8BE1E1F771600173F8C /* Controller */ = {
			isa = PBXGroup;
			children = (
				7317D8BF1E1F771600173F8C /* TDNewViewController.h */,
				7317D8C01E1F771600173F8C /* TDNewViewController.m */,
			);
			path = Controller;
			sourceTree = "<group>";
		};
		7317D8C11E1F771600173F8C /* Model */ = {
			isa = PBXGroup;
			children = (
			);
			path = Model;
			sourceTree = "<group>";
		};
		7317D8C21E1F771600173F8C /* View */ = {
			isa = PBXGroup;
			children = (
			);
			path = View;
			sourceTree = "<group>";
		};
		7317D8C31E1F771600173F8C /* Other-其他 */ = {
			isa = PBXGroup;
			children = (
				7317D8D01E1F771600173F8C /* View */,
				7317D8CB1E1F771600173F8C /* Controller */,
				7317D8C61E1F771600173F8C /* Category */,
				7317D8CE1E1F771600173F8C /* main.m */,
				7317D8C41E1F771600173F8C /* AppDelegate.h */,
				7317D8C51E1F771600173F8C /* AppDelegate.m */,
				7317D8CF1E1F771600173F8C /* PrefixHeader.pch */,
			);
			path = "Other-其他";
			sourceTree = "<group>";
		};
		7317D8C61E1F771600173F8C /* Category */ = {
			isa = PBXGroup;
			children = (
				7317D8C71E1F771600173F8C /* UIBarButtonItem+TDExtension.h */,
				7317D8C81E1F771600173F8C /* UIBarButtonItem+TDExtension.m */,
				7317D8C91E1F771600173F8C /* UIView+TDFrameExtension.h */,
				7317D8CA1E1F771600173F8C /* UIView+TDFrameExtension.m */,
			);
			path = Category;
			sourceTree = "<group>";
		};
		7317D8CB1E1F771600173F8C /* Controller */ = {
			isa = PBXGroup;
			children = (
				7317D8CC1E1F771600173F8C /* TDTabBarController.h */,
				7317D8CD1E1F771600173F8C /* TDTabBarController.m */,
				7317D8E01E1F8EC100173F8C /* TDNavigationController.h */,
				7317D8E11E1F8EC100173F8C /* TDNavigationController.m */,
			);
			path = Controller;
			sourceTree = "<group>";
		};
		7317D8D01E1F771600173F8C /* View */ = {
			isa = PBXGroup;
			children = (
				7317D8D11E1F771600173F8C /* TDTabBar.h */,
				7317D8D21E1F771600173F8C /* TDTabBar.m */,
			);
			path = View;
			sourceTree = "<group>";
		};
		7344CF3A1E5989460018E9A2 /* Recommend-推荐关注 */ = {
			isa = PBXGroup;
			children = (
				7344CF3B1E5989520018E9A2 /* Model */,
				7344CF3C1E59895C0018E9A2 /* View */,
				7344CF3D1E5989680018E9A2 /* Controller */,
			);
			name = "Recommend-推荐关注";
			sourceTree = "<group>";
		};
		7344CF3B1E5989520018E9A2 /* Model */ = {
			isa = PBXGroup;
			children = (
				737261B21E2761A600B2FA62 /* TDRecommendCategory.h */,
				737261B31E2761A600B2FA62 /* TDRecommendCategory.m */,
				737261C71E2CBB7400B2FA62 /* TDRecommendUser.h */,
				737261C81E2CBB7400B2FA62 /* TDRecommendUser.m */,
			);
			name = Model;
			sourceTree = "<group>";
		};
		7344CF3C1E59895C0018E9A2 /* View */ = {
			isa = PBXGroup;
			children = (
				737261B51E2761FB00B2FA62 /* TDRecommendCategoryCell.h */,
				737261B61E2761FB00B2FA62 /* TDRecommendCategoryCell.m */,
				737261B71E2761FB00B2FA62 /* TDRecommendCategoryCell.xib */,
				737261CA1E2CBB9700B2FA62 /* TDRecommendUserCell.h */,
				737261CB1E2CBB9700B2FA62 /* TDRecommendUserCell.m */,
				737261CC1E2CBB9700B2FA62 /* TDRecommendUserCell.xib */,
			);
			name = View;
			sourceTree = "<group>";
		};
		7344CF3D1E5989680018E9A2 /* Controller */ = {
			isa = PBXGroup;
			children = (
				737261BA1E27625300B2FA62 /* TDRecommendViewController.h */,
				737261BB1E27625300B2FA62 /* TDRecommendViewController.m */,
				737261BC1E27625300B2FA62 /* TDRecommendViewController.xib */,
			);
			name = Controller;
			sourceTree = "<group>";
		};
		7344CF3E1E598A810018E9A2 /* LoginRegister-登录注册 */ = {
			isa = PBXGroup;
			children = (
				7344CF471E59E35C0018E9A2 /* PhoneLoginRegister-手机号登录注册页面 */,
				7344CF411E598AA50018E9A2 /* Model */,
				7344CF401E598A9F0018E9A2 /* View */,
				7344CF3F1E598A930018E9A2 /* Controller */,
			);
			name = "LoginRegister-登录注册";
			sourceTree = "<group>";
		};
		7344CF3F1E598A930018E9A2 /* Controller */ = {
			isa = PBXGroup;
			children = (
				7344CF421E598AE30018E9A2 /* TDLoginRegisterViewController.h */,
				7344CF431E598AE30018E9A2 /* TDLoginRegisterViewController.m */,
				7344CF441E598AE30018E9A2 /* TDLoginRegisterViewController.xib */,
			);
			name = Controller;
			sourceTree = "<group>";
		};
		7344CF401E598A9F0018E9A2 /* View */ = {
			isa = PBXGroup;
			children = (
			);
			name = View;
			sourceTree = "<group>";
		};
		7344CF411E598AA50018E9A2 /* Model */ = {
			isa = PBXGroup;
			children = (
			);
			name = Model;
			sourceTree = "<group>";
		};
		7344CF471E59E35C0018E9A2 /* PhoneLoginRegister-手机号登录注册页面 */ = {
			isa = PBXGroup;
			children = (
				730B95CA1E5A9E470007218B /* View */,
				7344CF481E59E3870018E9A2 /* Controller */,
			);
			name = "PhoneLoginRegister-手机号登录注册页面";
			sourceTree = "<group>";
		};
		7344CF481E59E3870018E9A2 /* Controller */ = {
			isa = PBXGroup;
			children = (
				7344CF491E59E3CD0018E9A2 /* TDPhoneLoginRegisterController.h */,
				7344CF4A1E59E3CD0018E9A2 /* TDPhoneLoginRegisterController.m */,
				7344CF4B1E59E3CD0018E9A2 /* TDPhoneLoginRegisterController.xib */,
			);
			name = Controller;
			sourceTree = "<group>";
		};
		73AE961B1E66DED60094854F /* Category-工具类 */ = {
			isa = PBXGroup;
			children = (
			);
			name = "Category-工具类";
			sourceTree = "<group>";
		};
		DD29C87C11A0EBC01640D59E /* Pods */ = {
			isa = PBXGroup;
			children = (
				1E6DAEECFA0FFF10401236C9 /* Pods-百思不得姐.debug.xcconfig */,
				B6920BD0456433B1D7EA2229 /* Pods-百思不得姐.release.xcconfig */,
			);
			name = Pods;
			sourceTree = "<group>";
		};
		E02513AF032C50807C0AE852 /* Frameworks */ = {
			isa = PBXGroup;
			children = (
				5BB1964F95FA313BE0760333 /* libPods-百思不得姐.a */,
			);
			name = Frameworks;
			sourceTree = "<group>";
		};
/* End PBXGroup section */

/* Begin PBXNativeTarget section */
		73110CF31E1DF648009FC08F /* 百思不得姐 */ = {
			isa = PBXNativeTarget;
			buildConfigurationList = 73110D0B1E1DF648009FC08F /* Build configuration list for PBXNativeTarget "百思不得姐" */;
			buildPhases = (
				687DEA6463A73736EDE83F36 /* [CP] Check Pods Manifest.lock */,
				73110CF01E1DF648009FC08F /* Sources */,
				73110CF11E1DF648009FC08F /* Frameworks */,
				73110CF21E1DF648009FC08F /* Resources */,
				8342B150A6546E92D8173986 /* [CP] Embed Pods Frameworks */,
				BDB6C3916FA61A08A4C7B8C7 /* [CP] Copy Pods Resources */,
			);
			buildRules = (
			);
			dependencies = (
			);
			name = "百思不得姐";
			productName = "百思不得姐";
			productReference = 73110CF41E1DF648009FC08F /* 百思不得姐.app */;
			productType = "com.apple.product-type.application";
		};
/* End PBXNativeTarget section */

/* Begin PBXProject section */
		73110CEC1E1DF648009FC08F /* Project object */ = {
			isa = PBXProject;
			attributes = {
				CLASSPREFIX = TD;
				LastUpgradeCheck = 0820;
				ORGANIZATIONNAME = "蓝田";
				TargetAttributes = {
					73110CF31E1DF648009FC08F = {
						CreatedOnToolsVersion = 8.1;
						DevelopmentTeam = WW7QRAPE95;
						ProvisioningStyle = Automatic;
					};
				};
			};
			buildConfigurationList = 73110CEF1E1DF648009FC08F /* Build configuration list for PBXProject "百思不得姐" */;
			compatibilityVersion = "Xcode 3.2";
			developmentRegion = English;
			hasScannedForEncodings = 0;
			knownRegions = (
				en,
				Base,
			);
			mainGroup = 73110CEB1E1DF648009FC08F;
			productRefGroup = 73110CF51E1DF648009FC08F /* Products */;
			projectDirPath = "";
			projectRoot = "";
			targets = (
				73110CF31E1DF648009FC08F /* 百思不得姐 */,
			);
		};
/* End PBXProject section */

/* Begin PBXResourcesBuildPhase section */
		73110CF21E1DF648009FC08F /* Resources */ = {
			isa = PBXResourcesBuildPhase;
			buildActionMask = 2147483647;
			files = (
				73E3674C1E2385540011F436 /* TDFriendTrendsViewController.xib in Resources */,
				737261B91E2761FB00B2FA62 /* TDRecommendCategoryCell.xib in Resources */,
				73110D041E1DF648009FC08F /* Assets.xcassets in Resources */,
				7344CF4D1E59E3CD0018E9A2 /* TDPhoneLoginRegisterController.xib in Resources */,
				7344CF461E598AE30018E9A2 /* TDLoginRegisterViewController.xib in Resources */,
				737261BE1E27625300B2FA62 /* TDRecommendViewController.xib in Resources */,
				737261CE1E2CBB9700B2FA62 /* TDRecommendUserCell.xib in Resources */,
			);
			runOnlyForDeploymentPostprocessing = 0;
		};
/* End PBXResourcesBuildPhase section */

/* Begin PBXShellScriptBuildPhase section */
		687DEA6463A73736EDE83F36 /* [CP] Check Pods Manifest.lock */ = {
			isa = PBXShellScriptBuildPhase;
			buildActionMask = 2147483647;
			files = (
			);
			inputPaths = (
			);
			name = "[CP] Check Pods Manifest.lock";
			outputPaths = (
			);
			runOnlyForDeploymentPostprocessing = 0;
			shellPath = /bin/sh;
			shellScript = "diff \"${PODS_ROOT}/../Podfile.lock\" \"${PODS_ROOT}/Manifest.lock\" > /dev/null\nif [ $? != 0 ] ; then\n    # print error to STDERR\n    echo \"error: The sandbox is not in sync with the Podfile.lock. Run 'pod install' or update your CocoaPods installation.\" >&2\n    exit 1\nfi\n";
			showEnvVarsInLog = 0;
		};
		8342B150A6546E92D8173986 /* [CP] Embed Pods Frameworks */ = {
			isa = PBXShellScriptBuildPhase;
			buildActionMask = 2147483647;
			files = (
			);
			inputPaths = (
			);
			name = "[CP] Embed Pods Frameworks";
			outputPaths = (
			);
			runOnlyForDeploymentPostprocessing = 0;
			shellPath = /bin/sh;
			shellScript = "\"${SRCROOT}/Pods/Target Support Files/Pods-百思不得姐/Pods-百思不得姐-frameworks.sh\"\n";
			showEnvVarsInLog = 0;
		};
		BDB6C3916FA61A08A4C7B8C7 /* [CP] Copy Pods Resources */ = {
			isa = PBXShellScriptBuildPhase;
			buildActionMask = 2147483647;
			files = (
			);
			inputPaths = (
			);
			name = "[CP] Copy Pods Resources";
			outputPaths = (
			);
			runOnlyForDeploymentPostprocessing = 0;
			shellPath = /bin/sh;
			shellScript = "\"${SRCROOT}/Pods/Target Support Files/Pods-百思不得姐/Pods-百思不得姐-resources.sh\"\n";
			showEnvVarsInLog = 0;
		};
/* End PBXShellScriptBuildPhase section */

/* Begin PBXSourcesBuildPhase section */
		73110CF01E1DF648009FC08F /* Sources */ = {
			isa = PBXSourcesBuildPhase;
			buildActionMask = 2147483647;
			files = (
				7317D8D41E1F771600173F8C /* TDFriendTrendsViewController.m in Sources */,
				7344CF451E598AE30018E9A2 /* TDLoginRegisterViewController.m in Sources */,
				730B95CD1E5A9E6B0007218B /* TDTextField.m in Sources */,
				737261CD1E2CBB9700B2FA62 /* TDRecommendUserCell.m in Sources */,
				737261BD1E27625300B2FA62 /* TDRecommendViewController.m in Sources */,
				73A3AE861E6801DE0041A3DD /* TDWordViewController.m in Sources */,
				7344CF4C1E59E3CD0018E9A2 /* TDPhoneLoginRegisterController.m in Sources */,
				7317D8D91E1F771600173F8C /* UIView+TDFrameExtension.m in Sources */,
				7317D8E21E1F8EC100173F8C /* TDNavigationController.m in Sources */,
				7317D8D61E1F771600173F8C /* TDNewViewController.m in Sources */,
				737261B41E2761A600B2FA62 /* TDRecommendCategory.m in Sources */,
				73A3AE831E6801D00041A3DD /* TDPictureViewController.m in Sources */,
				7317D8D31E1F771600173F8C /* TDEssenceViewController.m in Sources */,
				737261C91E2CBB7400B2FA62 /* TDRecommendUser.m in Sources */,
				7317D8D51E1F771600173F8C /* TDMeViewController.m in Sources */,
				7317D8D81E1F771600173F8C /* UIBarButtonItem+TDExtension.m in Sources */,
				7317D8D71E1F771600173F8C /* AppDelegate.m in Sources */,
				73E446491E680C4B00DBE46A /* TDRecViewController.m in Sources */,
				7317D8DB1E1F771600173F8C /* main.m in Sources */,
				73A3AE801E6801A10041A3DD /* TDVideoViewController.m in Sources */,
				7317D8DA1E1F771600173F8C /* TDTabBarController.m in Sources */,
				7317D8DC1E1F771600173F8C /* TDTabBar.m in Sources */,
				737261B81E2761FB00B2FA62 /* TDRecommendCategoryCell.m in Sources */,
				73A3AE8C1E68088B0041A3DD /* TDVoiceViewController.m in Sources */,
			);
			runOnlyForDeploymentPostprocessing = 0;
		};
/* End PBXSourcesBuildPhase section */

/* Begin XCBuildConfiguration section */
		73110D091E1DF648009FC08F /* Debug */ = {
			isa = XCBuildConfiguration;
			buildSettings = {
				ALWAYS_SEARCH_USER_PATHS = NO;
				CLANG_ANALYZER_NONNULL = YES;
				CLANG_CXX_LANGUAGE_STANDARD = "gnu++0x";
				CLANG_CXX_LIBRARY = "libc++";
				CLANG_ENABLE_MODULES = YES;
				CLANG_ENABLE_OBJC_ARC = YES;
				CLANG_WARN_BOOL_CONVERSION = YES;
				CLANG_WARN_CONSTANT_CONVERSION = YES;
				CLANG_WARN_DIRECT_OBJC_ISA_USAGE = YES_ERROR;
				CLANG_WARN_DOCUMENTATION_COMMENTS = YES;
				CLANG_WARN_EMPTY_BODY = YES;
				CLANG_WARN_ENUM_CONVERSION = YES;
				CLANG_WARN_INFINITE_RECURSION = YES;
				CLANG_WARN_INT_CONVERSION = YES;
				CLANG_WARN_OBJC_ROOT_CLASS = YES_ERROR;
				CLANG_WARN_SUSPICIOUS_MOVE = YES;
				CLANG_WARN_SUSPICIOUS_MOVES = YES;
				CLANG_WARN_UNREACHABLE_CODE = YES;
				CLANG_WARN__DUPLICATE_METHOD_MATCH = YES;
				"CODE_SIGN_IDENTITY[sdk=iphoneos*]" = "iPhone Developer";
				COPY_PHASE_STRIP = NO;
				DEBUG_INFORMATION_FORMAT = dwarf;
				ENABLE_STRICT_OBJC_MSGSEND = YES;
				ENABLE_TESTABILITY = YES;
				GCC_C_LANGUAGE_STANDARD = gnu99;
				GCC_DYNAMIC_NO_PIC = NO;
				GCC_NO_COMMON_BLOCKS = YES;
				GCC_OPTIMIZATION_LEVEL = 0;
				GCC_PREFIX_HEADER = "百思不得姐/Classes/Other-其他/PrefixHeader.pch";
				GCC_PREPROCESSOR_DEFINITIONS = (
					"DEBUG=1",
					"$(inherited)",
				);
				GCC_WARN_64_TO_32_BIT_CONVERSION = YES;
				GCC_WARN_ABOUT_RETURN_TYPE = YES_ERROR;
				GCC_WARN_UNDECLARED_SELECTOR = YES;
				GCC_WARN_UNINITIALIZED_AUTOS = YES_AGGRESSIVE;
				GCC_WARN_UNUSED_FUNCTION = YES;
				GCC_WARN_UNUSED_VARIABLE = YES;
				IPHONEOS_DEPLOYMENT_TARGET = 10.1;
				MTL_ENABLE_DEBUG_INFO = YES;
				ONLY_ACTIVE_ARCH = YES;
				SDKROOT = iphoneos;
				TARGETED_DEVICE_FAMILY = "1,2";
			};
			name = Debug;
		};
		73110D0A1E1DF648009FC08F /* Release */ = {
			isa = XCBuildConfiguration;
			buildSettings = {
				ALWAYS_SEARCH_USER_PATHS = NO;
				CLANG_ANALYZER_NONNULL = YES;
				CLANG_CXX_LANGUAGE_STANDARD = "gnu++0x";
				CLANG_CXX_LIBRARY = "libc++";
				CLANG_ENABLE_MODULES = YES;
				CLANG_ENABLE_OBJC_ARC = YES;
				CLANG_WARN_BOOL_CONVERSION = YES;
				CLANG_WARN_CONSTANT_CONVERSION = YES;
				CLANG_WARN_DIRECT_OBJC_ISA_USAGE = YES_ERROR;
				CLANG_WARN_DOCUMENTATION_COMMENTS = YES;
				CLANG_WARN_EMPTY_BODY = YES;
				CLANG_WARN_ENUM_CONVERSION = YES;
				CLANG_WARN_INFINITE_RECURSION = YES;
				CLANG_WARN_INT_CONVERSION = YES;
				CLANG_WARN_OBJC_ROOT_CLASS = YES_ERROR;
				CLANG_WARN_SUSPICIOUS_MOVE = YES;
				CLANG_WARN_SUSPICIOUS_MOVES = YES;
				CLANG_WARN_UNREACHABLE_CODE = YES;
				CLANG_WARN__DUPLICATE_METHOD_MATCH = YES;
				"CODE_SIGN_IDENTITY[sdk=iphoneos*]" = "iPhone Developer";
				COPY_PHASE_STRIP = NO;
				DEBUG_INFORMATION_FORMAT = "dwarf-with-dsym";
				ENABLE_NS_ASSERTIONS = NO;
				ENABLE_STRICT_OBJC_MSGSEND = YES;
				GCC_C_LANGUAGE_STANDARD = gnu99;
				GCC_NO_COMMON_BLOCKS = YES;
				GCC_PREFIX_HEADER = "百思不得姐/Classes/Other-其他/PrefixHeader.pch";
				GCC_WARN_64_TO_32_BIT_CONVERSION = YES;
				GCC_WARN_ABOUT_RETURN_TYPE = YES_ERROR;
				GCC_WARN_UNDECLARED_SELECTOR = YES;
				GCC_WARN_UNINITIALIZED_AUTOS = YES_AGGRESSIVE;
				GCC_WARN_UNUSED_FUNCTION = YES;
				GCC_WARN_UNUSED_VARIABLE = YES;
				IPHONEOS_DEPLOYMENT_TARGET = 10.1;
				MTL_ENABLE_DEBUG_INFO = NO;
				SDKROOT = iphoneos;
				TARGETED_DEVICE_FAMILY = "1,2";
				VALIDATE_PRODUCT = YES;
			};
			name = Release;
		};
		73110D0C1E1DF648009FC08F /* Debug */ = {
			isa = XCBuildConfiguration;
			baseConfigurationReference = 1E6DAEECFA0FFF10401236C9 /* Pods-百思不得姐.debug.xcconfig */;
			buildSettings = {
				ASSETCATALOG_COMPILER_APPICON_NAME = AppIcon;
				ASSETCATALOG_COMPILER_LAUNCHIMAGE_NAME = LaunchImage;
				DEVELOPMENT_TEAM = WW7QRAPE95;
				INFOPLIST_FILE = "百思不得姐/Info.plist";
				IPHONEOS_DEPLOYMENT_TARGET = 8.0;
				LD_RUNPATH_SEARCH_PATHS = "$(inherited) @executable_path/Frameworks";
				PRODUCT_BUNDLE_IDENTIFIER = "Loto.com.-----";
				PRODUCT_NAME = "$(TARGET_NAME)";
			};
			name = Debug;
		};
		73110D0D1E1DF648009FC08F /* Release */ = {
			isa = XCBuildConfiguration;
			baseConfigurationReference = B6920BD0456433B1D7EA2229 /* Pods-百思不得姐.release.xcconfig */;
			buildSettings = {
				ASSETCATALOG_COMPILER_APPICON_NAME = AppIcon;
				ASSETCATALOG_COMPILER_LAUNCHIMAGE_NAME = LaunchImage;
				DEVELOPMENT_TEAM = WW7QRAPE95;
				INFOPLIST_FILE = "百思不得姐/Info.plist";
				IPHONEOS_DEPLOYMENT_TARGET = 8.0;
				LD_RUNPATH_SEARCH_PATHS = "$(inherited) @executable_path/Frameworks";
				PRODUCT_BUNDLE_IDENTIFIER = "Loto.com.-----";
				PRODUCT_NAME = "$(TARGET_NAME)";
			};
			name = Release;
		};
/* End XCBuildConfiguration section */

/* Begin XCConfigurationList section */
		73110CEF1E1DF648009FC08F /* Build configuration list for PBXProject "百思不得姐" */ = {
			isa = XCConfigurationList;
			buildConfigurations = (
				73110D091E1DF648009FC08F /* Debug */,
				73110D0A1E1DF648009FC08F /* Release */,
			);
			defaultConfigurationIsVisible = 0;
			defaultConfigurationName = Release;
		};
		73110D0B1E1DF648009FC08F /* Build configuration list for PBXNativeTarget "百思不得姐" */ = {
			isa = XCConfigurationList;
			buildConfigurations = (
				73110D0C1E1DF648009FC08F /* Debug */,
				73110D0D1E1DF648009FC08F /* Release */,
			);
			defaultConfigurationIsVisible = 0;
			defaultConfigurationName = Release;
		};
/* End XCConfigurationList section */
	};
	rootObject = 73110CEC1E1DF648009FC08F /* Project object */;
}
